
Microsoft Visual Studio Solution File, Format Version 12.00
# Visual Studio Version 16
VisualStudioVersion = 16.0.32126.315
MinimumVisualStudioVersion = 10.0.40219.1
Project("{FAE04EC0-301F-11D3-BF4B-00C04F79EFBC}") = "CryptographyNotes", "CryptographyNotes\CryptographyNotes.csproj", "{3532D7AE-1CBA-4258-AD09-78DEC0AB3883}"
EndProject
Global
	GlobalSection(SolutionConfigurationPlatforms) = preSolution
		Debug|Any CPU = Debug|Any CPU
		Release|Any CPU = Release|Any CPU
	EndGlobalSection
	GlobalSection(ProjectConfigurationPlatforms) = postSolution
		{3532D7AE-1CBA-4258-AD09-78DEC0AB3883}.Debug|Any CPU.ActiveCfg = Debug|Any CPU
		{3532D7AE-1CBA-4258-AD09-78DEC0AB3883}.Debug|Any CPU.Build.0 = Debug|Any CPU
		{3532D7AE-1CBA-4258-AD09-78DEC0AB3883}.Release|Any CPU.ActiveCfg = Release|Any CPU
		{3532D7AE-1CBA-4258-AD09-78DEC0AB3883}.Release|Any CPU.Build.0 = Release|Any CPU
	EndGlobalSection
	GlobalSection(SolutionProperties) = preSolution
		HideSolutionNode = FALSE
	EndGlobalSection
	GlobalSection(ExtensibilityGlobals) = postSolution
		SolutionGuid = {8D535A4B-1736-4D58-A389-12252C3FFBAE}
	EndGlobalSection
EndGlobal
